
Microsoft Visual Studio Solution File, Format Version 12.00
# Visual Studio Version 16
VisualStudioVersion = 16.0.30717.126
MinimumVisualStudioVersion = 10.0.40219.1
Project("{2150E333-8FDC-42A3-9474-1A3956D46DE8}") = "src", "src", "{A2AE8BD2-778E-4037-B125-36DAFCECEFE9}"
EndProject
Project("{FAE04EC0-301F-11D3-BF4B-00C04F79EFBC}") = "SupportApp.Core", "SupportApp.Core\SupportApp.Core.csproj", "{FEB40DE7-432D-44AD-975D-3EE8B22C337A}"
EndProject
Project("{FAE04EC0-301F-11D3-BF4B-00C04F79EFBC}") = "SupportApp.DAL", "SupportApp.DAL\SupportApp.DAL.csproj", "{5DF5997F-FE77-4532-B83A-D413B50B4BF7}"
EndProject
Project("{FAE04EC0-301F-11D3-BF4B-00C04F79EFBC}") = "SupportApp.BLL", "SupportApp.BLL\SupportApp.BLL.csproj", "{E5CBDEC2-E678-467A-880A-AB16CB2AC5AB}"
EndProject
Project("{FAE04EC0-301F-11D3-BF4B-00C04F79EFBC}") = "SupportApp.Services", "SupportApp.Services\SupportApp.Services.csproj", "{19706CDF-BD12-442D-9118-4B5FAF03EE47}"
EndProject
Project("{FAE04EC0-301F-11D3-BF4B-00C04F79EFBC}") = "SupportApp.WebUI", "SupportApp.WebUI\SupportApp.WebUI.csproj", "{40CE48DE-CDC2-47C6-A714-438BEF769836}"
EndProject
Global
	GlobalSection(SolutionConfigurationPlatforms) = preSolution
		Debug|Any CPU = Debug|Any CPU
		dev|Any CPU = dev|Any CPU
		qa|Any CPU = qa|Any CPU
		Release|Any CPU = Release|Any CPU
	EndGlobalSection
	GlobalSection(ProjectConfigurationPlatforms) = postSolution
		{FEB40DE7-432D-44AD-975D-3EE8B22C337A}.Debug|Any CPU.ActiveCfg = Debug|Any CPU
		{FEB40DE7-432D-44AD-975D-3EE8B22C337A}.Debug|Any CPU.Build.0 = Debug|Any CPU
		{FEB40DE7-432D-44AD-975D-3EE8B22C337A}.dev|Any CPU.ActiveCfg = dev|Any CPU
		{FEB40DE7-432D-44AD-975D-3EE8B22C337A}.dev|Any CPU.Build.0 = dev|Any CPU
		{FEB40DE7-432D-44AD-975D-3EE8B22C337A}.qa|Any CPU.ActiveCfg = qa|Any CPU
		{FEB40DE7-432D-44AD-975D-3EE8B22C337A}.qa|Any CPU.Build.0 = qa|Any CPU
		{FEB40DE7-432D-44AD-975D-3EE8B22C337A}.Release|Any CPU.ActiveCfg = Release|Any CPU
		{FEB40DE7-432D-44AD-975D-3EE8B22C337A}.Release|Any CPU.Build.0 = Release|Any CPU
		{5DF5997F-FE77-4532-B83A-D413B50B4BF7}.Debug|Any CPU.ActiveCfg = Debug|Any CPU
		{5DF5997F-FE77-4532-B83A-D413B50B4BF7}.Debug|Any CPU.Build.0 = Debug|Any CPU
		{5DF5997F-FE77-4532-B83A-D413B50B4BF7}.dev|Any CPU.ActiveCfg = dev|Any CPU
		{5DF5997F-FE77-4532-B83A-D413B50B4BF7}.dev|Any CPU.Build.0 = dev|Any CPU
		{5DF5997F-FE77-4532-B83A-D413B50B4BF7}.qa|Any CPU.ActiveCfg = qa|Any CPU
		{5DF5997F-FE77-4532-B83A-D413B50B4BF7}.qa|Any CPU.Build.0 = qa|Any CPU
		{5DF5997F-FE77-4532-B83A-D413B50B4BF7}.Release|Any CPU.ActiveCfg = Release|Any CPU
		{5DF5997F-FE77-4532-B83A-D413B50B4BF7}.Release|Any CPU.Build.0 = Release|Any CPU
		{E5CBDEC2-E678-467A-880A-AB16CB2AC5AB}.Debug|Any CPU.ActiveCfg = Debug|Any CPU
		{E5CBDEC2-E678-467A-880A-AB16CB2AC5AB}.Debug|Any CPU.Build.0 = Debug|Any CPU
		{E5CBDEC2-E678-467A-880A-AB16CB2AC5AB}.dev|Any CPU.ActiveCfg = dev|Any CPU
		{E5CBDEC2-E678-467A-880A-AB16CB2AC5AB}.dev|Any CPU.Build.0 = dev|Any CPU
		{E5CBDEC2-E678-467A-880A-AB16CB2AC5AB}.qa|Any CPU.ActiveCfg = qa|Any CPU
		{E5CBDEC2-E678-467A-880A-AB16CB2AC5AB}.qa|Any CPU.Build.0 = qa|Any CPU
		{E5CBDEC2-E678-467A-880A-AB16CB2AC5AB}.Release|Any CPU.ActiveCfg = Release|Any CPU
		{E5CBDEC2-E678-467A-880A-AB16CB2AC5AB}.Release|Any CPU.Build.0 = Release|Any CPU
		{19706CDF-BD12-442D-9118-4B5FAF03EE47}.Debug|Any CPU.ActiveCfg = Debug|Any CPU
		{19706CDF-BD12-442D-9118-4B5FAF03EE47}.Debug|Any CPU.Build.0 = Debug|Any CPU
		{19706CDF-BD12-442D-9118-4B5FAF03EE47}.dev|Any CPU.ActiveCfg = dev|Any CPU
		{19706CDF-BD12-442D-9118-4B5FAF03EE47}.dev|Any CPU.Build.0 = dev|Any CPU
		{19706CDF-BD12-442D-9118-4B5FAF03EE47}.qa|Any CPU.ActiveCfg = qa|Any CPU
		{19706CDF-BD12-442D-9118-4B5FAF03EE47}.qa|Any CPU.Build.0 = qa|Any CPU
		{19706CDF-BD12-442D-9118-4B5FAF03EE47}.Release|Any CPU.ActiveCfg = Release|Any CPU
		{19706CDF-BD12-442D-9118-4B5FAF03EE47}.Release|Any CPU.Build.0 = Release|Any CPU
		{40CE48DE-CDC2-47C6-A714-438BEF769836}.Debug|Any CPU.ActiveCfg = Debug|Any CPU
		{40CE48DE-CDC2-47C6-A714-438BEF769836}.Debug|Any CPU.Build.0 = Debug|Any CPU
		{40CE48DE-CDC2-47C6-A714-438BEF769836}.dev|Any CPU.ActiveCfg = dev|Any CPU
		{40CE48DE-CDC2-47C6-A714-438BEF769836}.dev|Any CPU.Build.0 = dev|Any CPU
		{40CE48DE-CDC2-47C6-A714-438BEF769836}.qa|Any CPU.ActiveCfg = qa|Any CPU
		{40CE48DE-CDC2-47C6-A714-438BEF769836}.qa|Any CPU.Build.0 = qa|Any CPU
		{40CE48DE-CDC2-47C6-A714-438BEF769836}.Release|Any CPU.ActiveCfg = Release|Any CPU
		{40CE48DE-CDC2-47C6-A714-438BEF769836}.Release|Any CPU.Build.0 = Release|Any CPU
	EndGlobalSection
	GlobalSection(SolutionProperties) = preSolution
		HideSolutionNode = FALSE
	EndGlobalSection
	GlobalSection(NestedProjects) = preSolution
		{FEB40DE7-432D-44AD-975D-3EE8B22C337A} = {A2AE8BD2-778E-4037-B125-36DAFCECEFE9}
		{5DF5997F-FE77-4532-B83A-D413B50B4BF7} = {A2AE8BD2-778E-4037-B125-36DAFCECEFE9}
		{E5CBDEC2-E678-467A-880A-AB16CB2AC5AB} = {A2AE8BD2-778E-4037-B125-36DAFCECEFE9}
		{19706CDF-BD12-442D-9118-4B5FAF03EE47} = {A2AE8BD2-778E-4037-B125-36DAFCECEFE9}
		{40CE48DE-CDC2-47C6-A714-438BEF769836} = {A2AE8BD2-778E-4037-B125-36DAFCECEFE9}
	EndGlobalSection
	GlobalSection(ExtensibilityGlobals) = postSolution
		SolutionGuid = {A4EE9864-3767-4B70-ACB6-5A5906BDD835}
	EndGlobalSection
EndGlobal
